{
  "name": "myteam_cli",
  "version": "1.0.0",
  "lockfileVersion": 3,
  "requires": true,
  "packages": {
    "": {
      "name": "myteam_cli",
      "version": "1.0.0",
      "license": "ISC",
      "dependencies": {
        "@tauri-apps/api": "^1.6.0",
        "@tauri-apps/plugin-dialog": "^2.0.0-rc.1"
      },
      "devDependencies": {
        "@tauri-apps/api": "^1.6.0"
      }
    },
    "node_modules/@tauri-apps/api": {
      "version": "1.6.0",
      "resolved": "https://registry.npmjs.org/@tauri-apps/api/-/api-1.6.0.tgz",
      "integrity": "sha512-rqI++FWClU5I2UBp4HXFvl+sBWkdigBkxnpJDQUWttNyG7IZP4FwQGhTNL5EOw0vI8i6eSAJ5frLqO7n7jbJdg==",
      "dev": true,
      "license": "Apache-2.0 OR MIT",
      "engines": {
        "node": ">= 14.6.0",
        "npm": ">= 6.6.0",
        "yarn": ">= 1.19.1"
      },
      "funding": {
        "type": "opencollective",
        "url": "https://opencollective.com/tauri"
      }
    },
    "node_modules/@tauri-apps/plugin-dialog": {
      "version": "2.0.0-rc.1",
      "resolved": "https://registry.npmjs.org/@tauri-apps/plugin-dialog/-/plugin-dialog-2.0.0-rc.1.tgz",
      "integrity": "sha512-H28gh6BfZtjflHQ+HrmWwunDriBI3AQLAKnMs50GA6zeNUULqbQr7VXbAAKeJL/0CmWcecID4PKXVoSlaWRhEg==",
      "license": "MIT or APACHE-2.0",
      "dependencies": {
        "@tauri-apps/api": "^2.0.0-rc.4"
      }
    },
    "node_modules/@tauri-apps/plugin-dialog/node_modules/@tauri-apps/api": {
      "version": "2.0.0-rc.4",
      "resolved": "https://registry.npmjs.org/@tauri-apps/api/-/api-2.0.0-rc.4.tgz",
      "integrity": "sha512-UNiIhhKG08j4ooss2oEEVexffmWkgkYlC2M3GcX3VPtNsqFgVNL8Mcw/4Y7rO9M9S+ffAMnLOF5ypzyuyb8tyg==",
      "license": "Apache-2.0 OR MIT",
      "funding": {
        "type": "opencollective",
        "url": "https://opencollective.com/tauri"
      }
    }
  }
}
